<?xml version="1.0" encoding="utf-8"?>
<Project ToolsVersion="4.0" xmlns="http://schemas.microsoft.com/developer/msbuild/2003">
  <ItemGroup>
    <ClCompile Include="Source\TestSetData.cpp">
      <Filter>Source</Filter>
    </ClCompile>
    <ClCompile Include="Source\UnitTest.cpp">
      <Filter>Source</Filter>
    </ClCompile>
    <ClCompile Include="Source\UnitTestLogger.cpp">
      <Filter>Source</Filter>
    </ClCompile>
    <ClCompile Include="Source\UnitTestResult.cpp">
      <Filter>Source</Filter>
    </ClCompile>
    <ClCompile Include="Source\UnitTestRunner.cpp">
      <Filter>Source</Filter>
    </ClCompile>
  </ItemGroup>
  <ItemGroup>
    <ClInclude Include="Headers\ResultEnums.h">
      <Filter>Headers</Filter>
    </ClInclude>
    <ClInclude Include="Headers\TestSetData.h">
      <Filter>Headers</Filter>
    </ClInclude>
    <ClInclude Include="Headers\UnitTest.h">
      <Filter>Headers</Filter>
    </ClInclude>
    <ClInclude Include="Headers\UnitTestLogger.h">
      <Filter>Headers</Filter>
    </ClInclude>
    <ClInclude Include="Headers\UnitTestResult.h">
      <Filter>Headers</Filter>
    </ClInclude>
    <ClInclude Include="Headers\UnitTestRunner.h">
      <Filter>Headers</Filter>
    </ClInclude>
    <ClInclude Include="Interface\ITestSetData.h">
      <Filter>Interfaces</Filter>
    </ClInclude>
    <ClInclude Include="Interface\IUnitTest.h">
      <Filter>Interfaces</Filter>
    </ClInclude>
    <ClInclude Include="Interface\IUnitTestLogger.h">
      <Filter>Interfaces</Filter>
    </ClInclude>
    <ClInclude Include="Interface\IUnitTestResult.h">
      <Filter>Interfaces</Filter>
    </ClInclude>
    <ClInclude Include="Interface\IUnitTestRunner.h">
      <Filter>Interfaces</Filter>
    </ClInclude>
  </ItemGroup>
  <ItemGroup>
    <Filter Include="Interfaces">
      <UniqueIdentifier>{dc394888-d426-42b5-a7b9-4f25a81f2853}</UniqueIdentifier>
    </Filter>
    <Filter Include="Headers">
      <UniqueIdentifier>{7dd0634e-5687-4d4b-b418-f747e43d600b}</UniqueIdentifier>
    </Filter>
    <Filter Include="Source">
      <UniqueIdentifier>{5878500d-2877-4748-aecb-d5a7a35da411}</UniqueIdentifier>
    </Filter>
  </ItemGroup>
</Project>