
Microsoft Visual Studio Solution File, Format Version 12.00
# Visual Studio Version 17
VisualStudioVersion = 17.14.35906.104
MinimumVisualStudioVersion = 10.0.40219.1
Project("{8BC9CEB8-8B4A-11D0-8D11-00A0C91BC942}") = "SimpleUnitTestLibrary", "SimpleUnitTestLibrary\SimpleUnitTestLibrary.vcxproj", "{0CB86D23-7615-4635-93E0-83F35CB33344}"
EndProject
Global
	GlobalSection(SolutionConfigurationPlatforms) = preSolution
		Debug_Modules|x64 = Debug_Modules|x64
		Debug|x64 = Debug|x64
		Release_Modules|x64 = Release_Modules|x64
		Release|x64 = Release|x64
	EndGlobalSection
	GlobalSection(ProjectConfigurationPlatforms) = postSolution
		{0CB86D23-7615-4635-93E0-83F35CB33344}.Debug_Modules|x64.ActiveCfg = Debug_Modules|x64
		{0CB86D23-7615-4635-93E0-83F35CB33344}.Debug_Modules|x64.Build.0 = Debug_Modules|x64
		{0CB86D23-7615-4635-93E0-83F35CB33344}.Debug|x64.ActiveCfg = Debug|x64
		{0CB86D23-7615-4635-93E0-83F35CB33344}.Debug|x64.Build.0 = Debug|x64
		{0CB86D23-7615-4635-93E0-83F35CB33344}.Release_Modules|x64.ActiveCfg = Release_Modules|x64
		{0CB86D23-7615-4635-93E0-83F35CB33344}.Release_Modules|x64.Build.0 = Release_Modules|x64
		{0CB86D23-7615-4635-93E0-83F35CB33344}.Release|x64.ActiveCfg = Release|x64
		{0CB86D23-7615-4635-93E0-83F35CB33344}.Release|x64.Build.0 = Release|x64
	EndGlobalSection
	GlobalSection(SolutionProperties) = preSolution
		HideSolutionNode = FALSE
	EndGlobalSection
	GlobalSection(ExtensibilityGlobals) = postSolution
		SolutionGuid = {8C2983E3-70E0-48B3-9385-9F2B27288511}
	EndGlobalSection
EndGlobal
