<?xml version="1.0" encoding="utf-8"?>
<Project ToolsVersion="4.0" xmlns="http://schemas.microsoft.com/developer/msbuild/2003">
  <ItemGroup>
    <Filter Include="Unit Tests">
      <UniqueIdentifier>{45e1cfa9-4f19-44da-a39d-3c3de2c7957c}</UniqueIdentifier>
    </Filter>
    <Filter Include="Interfaces">
      <UniqueIdentifier>{64b0a00a-2392-4f17-b9fe-770124d13184}</UniqueIdentifier>
    </Filter>
    <Filter Include="Internal Data Structures">
      <UniqueIdentifier>{a1c26f0b-d0b5-481d-a08f-9cbbbf9568a1}</UniqueIdentifier>
    </Filter>
    <Filter Include="Data Structures">
      <UniqueIdentifier>{a7ec9c44-6946-44d0-b0eb-7c91c65fc4c7}</UniqueIdentifier>
    </Filter>
    <Filter Include="Unit Tests\Utilities">
      <UniqueIdentifier>{8b469961-4f44-4ec6-b4b3-1a328795e0f9}</UniqueIdentifier>
    </Filter>
    <Filter Include="Unit Tests\hdr">
      <UniqueIdentifier>{87ded15c-336e-41cf-b246-4ccf5654a459}</UniqueIdentifier>
    </Filter>
    <Filter Include="Unit Tests\src">
      <UniqueIdentifier>{d74ec81c-6321-4810-8d73-3485641431cb}</UniqueIdentifier>
    </Filter>
  </ItemGroup>
  <ItemGroup>
    <ClInclude Include="..\TemplateLibraryTests\ArrayTests.h">
      <Filter>Unit Tests\hdr</Filter>
    </ClInclude>
    <ClInclude Include="..\TemplateLibraryTests\DNodeTests.h">
      <Filter>Unit Tests\hdr</Filter>
    </ClInclude>
    <ClInclude Include="..\TemplateLibraryTests\DynamicArrayTests.h">
      <Filter>Unit Tests\hdr</Filter>
    </ClInclude>
    <ClInclude Include="..\TemplateLibraryTests\ExclusivePointerTests.h">
      <Filter>Unit Tests\hdr</Filter>
    </ClInclude>
    <ClInclude Include="..\TemplateLibraryTests\ListTests.h">
      <Filter>Unit Tests\hdr</Filter>
    </ClInclude>
    <ClInclude Include="..\TemplateLibraryTests\NodeTests.h">
      <Filter>Unit Tests\hdr</Filter>
    </ClInclude>
    <ClInclude Include="Array.hpp">
      <Filter>Data Structures</Filter>
    </ClInclude>
    <ClInclude Include="DynamicArray.hpp">
      <Filter>Data Structures</Filter>
    </ClInclude>
    <ClInclude Include="ExclusivePointer.hpp">
      <Filter>Data Structures</Filter>
    </ClInclude>
    <ClInclude Include="List.hpp">
      <Filter>Data Structures</Filter>
    </ClInclude>
    <ClInclude Include="DNode.hpp">
      <Filter>Internal Data Structures</Filter>
    </ClInclude>
    <ClInclude Include="Node.hpp">
      <Filter>Internal Data Structures</Filter>
    </ClInclude>
    <ClInclude Include="IArray.h">
      <Filter>Interfaces</Filter>
    </ClInclude>
    <ClInclude Include="IDNode.h">
      <Filter>Interfaces</Filter>
    </ClInclude>
    <ClInclude Include="IDynamicArray.h">
      <Filter>Interfaces</Filter>
    </ClInclude>
    <ClInclude Include="IExclusivePointer.h">
      <Filter>Interfaces</Filter>
    </ClInclude>
    <ClInclude Include="IList.h">
      <Filter>Interfaces</Filter>
    </ClInclude>
    <ClInclude Include="INode.h">
      <Filter>Interfaces</Filter>
    </ClInclude>
    <ClInclude Include="IStack.h">
      <Filter>Interfaces</Filter>
    </ClInclude>
    <ClInclude Include="Stack.hpp">
      <Filter>Data Structures</Filter>
    </ClInclude>
    <ClInclude Include="..\TemplateLibraryTests\StackTests.h">
      <Filter>Unit Tests\hdr</Filter>
    </ClInclude>
    <ClInclude Include="IQueue.h">
      <Filter>Interfaces</Filter>
    </ClInclude>
    <ClInclude Include="..\TemplateLibraryTests\QueueTests.h">
      <Filter>Unit Tests\hdr</Filter>
    </ClInclude>
    <ClInclude Include="Queue.hpp">
      <Filter>Data Structures</Filter>
    </ClInclude>
    <ClInclude Include="ICountedPointer.h">
      <Filter>Interfaces</Filter>
    </ClInclude>
    <ClInclude Include="CountedPointer.hpp">
      <Filter>Data Structures</Filter>
    </ClInclude>
    <ClInclude Include="..\TemplateLibraryTests\CountedPointerTests.h">
      <Filter>Unit Tests\hdr</Filter>
    </ClInclude>
    <ClInclude Include="..\TemplateLibraryTests\MemoryManagementHelper.hpp">
      <Filter>Unit Tests\Utilities</Filter>
    </ClInclude>
    <ClInclude Include="..\TemplateLibraryTests\RunTests.hpp">
      <Filter>Unit Tests</Filter>
    </ClInclude>
  </ItemGroup>
  <ItemGroup>
    <ClCompile Include="..\TemplateLibraryTests\ArrayTests.cpp">
      <Filter>Unit Tests\src</Filter>
    </ClCompile>
    <ClCompile Include="..\TemplateLibraryTests\DNodeTests.cpp">
      <Filter>Unit Tests\src</Filter>
    </ClCompile>
    <ClCompile Include="..\TemplateLibraryTests\DynamicArrayTests.cpp">
      <Filter>Unit Tests\src</Filter>
    </ClCompile>
    <ClCompile Include="..\TemplateLibraryTests\ExclusivePointerTests.cpp">
      <Filter>Unit Tests\src</Filter>
    </ClCompile>
    <ClCompile Include="..\TemplateLibraryTests\ListTests.cpp">
      <Filter>Unit Tests\src</Filter>
    </ClCompile>
    <ClCompile Include="..\TemplateLibraryTests\NodeTests.cpp">
      <Filter>Unit Tests\src</Filter>
    </ClCompile>
    <ClCompile Include="..\TemplateLibraryTests\StackTests.cpp">
      <Filter>Unit Tests\src</Filter>
    </ClCompile>
    <ClCompile Include="..\TemplateLibraryTests\QueueTests.cpp">
      <Filter>Unit Tests\src</Filter>
    </ClCompile>
    <ClCompile Include="..\TemplateLibraryTests\ProgramEntry.cpp" />
    <ClCompile Include="..\TemplateLibraryTests\CountedPointerTests.cpp">
      <Filter>Unit Tests\src</Filter>
    </ClCompile>
    <ClCompile Include="..\TemplateLibraryTests\MemoryManagementHelper.cpp">
      <Filter>Unit Tests\Utilities</Filter>
    </ClCompile>
  </ItemGroup>
</Project>